
Microsoft Visual Studio Solution File, Format Version 12.00
# Visual Studio Version 17
VisualStudioVersion = 17.14.36717.8 d17.14
MinimumVisualStudioVersion = 10.0.40219.1
Project("{FAE04EC0-301F-11D3-BF4B-00C04F79EFBC}") = "Game", "Game\Game.csproj", "{1CCDD5DA-A0B7-4DB8-BC88-C836C19C1D17}"
EndProject
Global
	GlobalSection(SolutionConfigurationPlatforms) = preSolution
		Debug|Any CPU = Debug|Any CPU
		Release|Any CPU = Release|Any CPU
	EndGlobalSection
	GlobalSection(ProjectConfigurationPlatforms) = postSolution
		{1CCDD5DA-A0B7-4DB8-BC88-C836C19C1D17}.Debug|Any CPU.ActiveCfg = Debug|Any CPU
		{1CCDD5DA-A0B7-4DB8-BC88-C836C19C1D17}.Debug|Any CPU.Build.0 = Debug|Any CPU
		{1CCDD5DA-A0B7-4DB8-BC88-C836C19C1D17}.Release|Any CPU.ActiveCfg = Release|Any CPU
		{1CCDD5DA-A0B7-4DB8-BC88-C836C19C1D17}.Release|Any CPU.Build.0 = Release|Any CPU
	EndGlobalSection
	GlobalSection(SolutionProperties) = preSolution
		HideSolutionNode = FALSE
	EndGlobalSection
	GlobalSection(ExtensibilityGlobals) = postSolution
		SolutionGuid = {E116B068-E50C-4F07-8A11-9674B0A452D5}
	EndGlobalSection
EndGlobal
